PODS:
  - Internet (0.2.2):
    - ReachabilitySwift
  - ReachabilitySwift (2.3.3)

DEPENDENCIES:
  - Internet (from `../`)

EXTERNAL SOURCES:
  Internet:
    :path: "../"

SPEC CHECKSUMS:
  Internet: f7b6f7374552bdd7cfe576d5fd828e74fa3bcffd
  ReachabilitySwift: e0f6b6f280effb47731acfaaa2d5ffe223703793

COCOAPODS: 0.39.0
